
Microsoft Visual Studio Solution File, Format Version 12.00
# Visual Studio Version 17
VisualStudioVersion = 17.0.32014.148
MinimumVisualStudioVersion = 10.0.40219.1
Project("{FAE04EC0-301F-11D3-BF4B-00C04F79EFBC}") = "APIFizyo", "APIFizyo\APIFizyo.csproj", "{F097644E-200A-4188-B967-8D4C985342B9}"
EndProject
Global
	GlobalSection(SolutionConfigurationPlatforms) = preSolution
		Debug|Any CPU = Debug|Any CPU
		Release|Any CPU = Release|Any CPU
	EndGlobalSection
	GlobalSection(ProjectConfigurationPlatforms) = postSolution
		{F097644E-200A-4188-B967-8D4C985342B9}.Debug|Any CPU.ActiveCfg = Debug|Any CPU
		{F097644E-200A-4188-B967-8D4C985342B9}.Debug|Any CPU.Build.0 = Debug|Any CPU
		{F097644E-200A-4188-B967-8D4C985342B9}.Release|Any CPU.ActiveCfg = Release|Any CPU
		{F097644E-200A-4188-B967-8D4C985342B9}.Release|Any CPU.Build.0 = Release|Any CPU
	EndGlobalSection
	GlobalSection(SolutionProperties) = preSolution
		HideSolutionNode = FALSE
	EndGlobalSection
	GlobalSection(ExtensibilityGlobals) = postSolution
		SolutionGuid = {923C358E-596D-45B1-A50C-58BAF9E835D0}
	EndGlobalSection
EndGlobal
